lockfileVersion: '9.0'

settings:
  autoInstallPeers: true
  excludeLinksFromLockfile: false

importers:

  .:
    devDependencies:
      '@playwright/test':
        specifier: 1.45.1
        version: 1.45.1
      '@types/node':
        specifier: 20.14.10
        version: 20.14.10

packages:

  '@playwright/test@1.45.1':
    resolution: {integrity: sha512-Wo1bWTzQvGA7LyKGIZc8nFSTFf2TkthGIFBR+QVNilvwouGzFd4PYukZe3rvf5PSqjHi1+1NyKSDZKcQWETzaA==}
    engines: {node: '>=18'}
    hasBin: true

  '@types/node@20.14.10':
    resolution: {integrity: sha512-MdiXf+nDuMvY0gJKxyfZ7/6UFsETO7mGKF54MVD/ekJS6HdFtpZFBgrh6Pseu64XTb2MLyFPlbW6hj8HYRQNOQ==}

  fsevents@2.3.2:
    resolution: {integrity: sha512-xiqMQR4xAeHTuB9uWm+fFRcIOgKBMiOBP+eXiyT7jsgVCq1bkVygt00oASowB7EdtpOHaaPgKt812P9ab+DDKA==}
    engines: {node: ^8.16.0 || ^10.6.0 || >=11.0.0}
    os: [darwin]

  playwright-core@1.45.1:
    resolution: {integrity: sha512-LF4CUUtrUu2TCpDw4mcrAIuYrEjVDfT1cHbJMfwnE2+1b8PZcFzPNgvZCvq2JfQ4aTjRCCHw5EJ2tmr2NSzdPg==}
    engines: {node: '>=18'}
    hasBin: true

  playwright@1.45.1:
    resolution: {integrity: sha512-Hjrgae4kpSQBr98nhCj3IScxVeVUixqj+5oyif8TdIn2opTCPEzqAqNMeK42i3cWDCVu9MI+ZsGWw+gVR4ISBg==}
    engines: {node: '>=18'}
    hasBin: true

  undici-types@5.26.5:
    resolution: {integrity: sha512-JlCMO+ehdEIKqlFxk6IfVoAUVmgz7cU7zD/h9XZ0qzeosSHmUJVOzSQvvYSYWXkFXC+IfLKSIffhv0sVZup6pA==}

snapshots:

  '@playwright/test@1.45.1':
    dependencies:
      playwright: 1.45.1

  '@types/node@20.14.10':
    dependencies:
      undici-types: 5.26.5

  fsevents@2.3.2:
    optional: true

  playwright-core@1.45.1: {}

  playwright@1.45.1:
    dependencies:
      playwright-core: 1.45.1
    optionalDependencies:
      fsevents: 2.3.2

  undici-types@5.26.5: {}
