lockfileVersion: '9.0'

settings:
  autoInstallPeers: true
  excludeLinksFromLockfile: false

importers:

  .:
    devDependencies:
      '@playwright/test':
        specifier: 1.45.0
        version: 1.45.0
      '@types/node':
        specifier: 20.14.9
        version: 20.14.9

packages:

  '@playwright/test@1.45.0':
    resolution: {integrity: sha512-TVYsfMlGAaxeUllNkywbwek67Ncf8FRGn8ZlRdO291OL3NjG9oMbfVhyP82HQF0CZLMrYsvesqoUekxdWuF9Qw==}
    engines: {node: '>=18'}
    hasBin: true

  '@types/node@20.14.9':
    resolution: {integrity: sha512-06OCtnTXtWOZBJlRApleWndH4JsRVs1pDCc8dLSQp+7PpUpX3ePdHyeNSFTeSe7FtKyQkrlPvHwJOW3SLd8Oyg==}

  fsevents@2.3.2:
    resolution: {integrity: sha512-xiqMQR4xAeHTuB9uWm+fFRcIOgKBMiOBP+eXiyT7jsgVCq1bkVygt00oASowB7EdtpOHaaPgKt812P9ab+DDKA==}
    engines: {node: ^8.16.0 || ^10.6.0 || >=11.0.0}
    os: [darwin]

  playwright-core@1.45.0:
    resolution: {integrity: sha512-lZmHlFQ0VYSpAs43dRq1/nJ9G/6SiTI7VPqidld9TDefL9tX87bTKExWZZUF5PeRyqtXqd8fQi2qmfIedkwsNQ==}
    engines: {node: '>=18'}
    hasBin: true

  playwright@1.45.0:
    resolution: {integrity: sha512-4z3ac3plDfYzGB6r0Q3LF8POPR20Z8D0aXcxbJvmfMgSSq1hkcgvFRXJk9rUq5H/MJ0Ktal869hhOdI/zUTeLA==}
    engines: {node: '>=18'}
    hasBin: true

  undici-types@5.26.5:
    resolution: {integrity: sha512-JlCMO+ehdEIKqlFxk6IfVoAUVmgz7cU7zD/h9XZ0qzeosSHmUJVOzSQvvYSYWXkFXC+IfLKSIffhv0sVZup6pA==}

snapshots:

  '@playwright/test@1.45.0':
    dependencies:
      playwright: 1.45.0

  '@types/node@20.14.9':
    dependencies:
      undici-types: 5.26.5

  fsevents@2.3.2:
    optional: true

  playwright-core@1.45.0: {}

  playwright@1.45.0:
    dependencies:
      playwright-core: 1.45.0
    optionalDependencies:
      fsevents: 2.3.2

  undici-types@5.26.5: {}
