lockfileVersion: '9.0'

settings:
  autoInstallPeers: true
  excludeLinksFromLockfile: false

importers:

  .:
    devDependencies:
      '@playwright/test':
        specifier: 1.44.1
        version: 1.44.1
      '@types/node':
        specifier: 20.14.6
        version: 20.14.6

packages:

  '@playwright/test@1.44.1':
    resolution: {integrity: sha512-1hZ4TNvD5z9VuhNJ/walIjvMVvYkZKf71axoF/uiAqpntQJXpG64dlXhoDXE3OczPuTuvjf/M5KWFg5VAVUS3Q==}
    engines: {node: '>=16'}
    hasBin: true

  '@types/node@20.14.6':
    resolution: {integrity: sha512-JbA0XIJPL1IiNnU7PFxDXyfAwcwVVrOoqyzzyQTyMeVhBzkJVMSkC1LlVsRQ2lpqiY4n6Bb9oCS6lzDKVQxbZw==}

  fsevents@2.3.2:
    resolution: {integrity: sha512-xiqMQR4xAeHTuB9uWm+fFRcIOgKBMiOBP+eXiyT7jsgVCq1bkVygt00oASowB7EdtpOHaaPgKt812P9ab+DDKA==}
    engines: {node: ^8.16.0 || ^10.6.0 || >=11.0.0}
    os: [darwin]

  playwright-core@1.44.1:
    resolution: {integrity: sha512-wh0JWtYTrhv1+OSsLPgFzGzt67Y7BE/ZS3jEqgGBlp2ppp1ZDj8c+9IARNW4dwf1poq5MgHreEM2KV/GuR4cFA==}
    engines: {node: '>=16'}
    hasBin: true

  playwright@1.44.1:
    resolution: {integrity: sha512-qr/0UJ5CFAtloI3avF95Y0L1xQo6r3LQArLIg/z/PoGJ6xa+EwzrwO5lpNr/09STxdHuUoP2mvuELJS+hLdtgg==}
    engines: {node: '>=16'}
    hasBin: true

  undici-types@5.26.5:
    resolution: {integrity: sha512-JlCMO+ehdEIKqlFxk6IfVoAUVmgz7cU7zD/h9XZ0qzeosSHmUJVOzSQvvYSYWXkFXC+IfLKSIffhv0sVZup6pA==}

snapshots:

  '@playwright/test@1.44.1':
    dependencies:
      playwright: 1.44.1

  '@types/node@20.14.6':
    dependencies:
      undici-types: 5.26.5

  fsevents@2.3.2:
    optional: true

  playwright-core@1.44.1: {}

  playwright@1.44.1:
    dependencies:
      playwright-core: 1.44.1
    optionalDependencies:
      fsevents: 2.3.2

  undici-types@5.26.5: {}
