{
  "name": "usefrags",
  "version": "0.0.0",
  "lockfileVersion": 3,
  "requires": true,
  "packages": {
    "": {
      "name": "usefrags",
      "version": "0.0.0",
      "license": "MIT",
      "dependencies": {
        "frags": "file:../frags"
      }
    },
    "../frags": {
      "version": "0.0.0",
      "license": "MIT"
    },
    "node_modules/frags": {
      "resolved": "../frags",
      "link": true
    }
  }
}
